
Microsoft Visual Studio Solution File, Format Version 12.00
# Visual Studio Version 18
VisualStudioVersion = 18.4.11626.88
MinimumVisualStudioVersion = 10.0.40219.1
Project("{9A19103F-16F7-4668-BE54-9A1E7A4F7556}") = "MusicFileUtilities", "MusicFileUtilities\MusicFileUtilities.csproj", "{371A75BC-73F8-4222-A3B3-0B21497AFD0C}"
EndProject
Project("{9A19103F-16F7-4668-BE54-9A1E7A4F7556}") = "CrossSyncPlaylists", "CrossSyncPlaylists\CrossSyncPlaylists.csproj", "{81875993-E724-4220-A656-4ED6D0677232}"
EndProject
Project("{9A19103F-16F7-4668-BE54-9A1E7A4F7556}") = "FindNonLossless", "FindNonLossless\FindNonLossless.csproj", "{4F8D337D-C9B3-46AF-BD32-B989734A69D3}"
EndProject
Project("{9A19103F-16F7-4668-BE54-9A1E7A4F7556}") = "CrossSyncMusic", "CrossSyncMusic\CrossSyncMusic.csproj", "{4CB5C007-93EC-4139-A5D3-212DDE1D5E6B}"
EndProject
Project("{9A19103F-16F7-4668-BE54-9A1E7A4F7556}") = "DumpTags", "DumpTags\DumpTags.csproj", "{23022801-F234-4D9F-ADA7-9371DD981078}"
EndProject
Project("{9A19103F-16F7-4668-BE54-9A1E7A4F7556}") = "PlayProject", "PlayProject\PlayProject.csproj", "{5925D37E-3FB2-4C14-8FE7-4DBE739C1228}"
EndProject
Project("{9A19103F-16F7-4668-BE54-9A1E7A4F7556}") = "DumpArtworkSizes", "DumpArtworkSizes\DumpArtworkSizes.csproj", "{90B61F8F-4064-4E72-BA33-4634BD570F89}"
EndProject
Project("{9A19103F-16F7-4668-BE54-9A1E7A4F7556}") = "FixArtwork", "FixArtwork\FixArtwork.csproj", "{D0808E62-71DF-4F67-9449-C517CD5252AD}"
EndProject
Project("{9A19103F-16F7-4668-BE54-9A1E7A4F7556}") = "ScrubArtwork", "ScrubArtwork\ScrubArtwork.csproj", "{389AD567-AAE8-4711-8080-851A90A80D69}"
EndProject
Project("{9A19103F-16F7-4668-BE54-9A1E7A4F7556}") = "CrossSyncPlaylistFiles", "CrossSyncPlaylistFiles\CrossSyncPlaylistFiles.csproj", "{3C47DE67-9327-4375-ADBA-9D8F124EC90D}"
EndProject
Project("{9A19103F-16F7-4668-BE54-9A1E7A4F7556}") = "CheckRedundancies", "CheckRedundancies\CheckRedundancies.csproj", "{627659A7-F937-4520-AF7A-893288D6612F}"
EndProject
Project("{9A19103F-16F7-4668-BE54-9A1E7A4F7556}") = "Comingle", "Comingle\Comingle.csproj", "{AAB5988F-BEE9-449B-A38F-85E165B26C05}"
EndProject
Project("{9A19103F-16F7-4668-BE54-9A1E7A4F7556}") = "UpdateCarCard", "UpdateCarCard\UpdateCarCard.csproj", "{12FA782F-05D5-4BE7-8603-E553D835B456}"
EndProject
Project("{9A19103F-16F7-4668-BE54-9A1E7A4F7556}") = "BackSyncPlaylists", "BackSyncPlaylists\BackSyncPlaylists.csproj", "{6925E0C2-FE74-453B-9FB8-FC8144B223A7}"
EndProject
Project("{9A19103F-16F7-4668-BE54-9A1E7A4F7556}") = "UpdateSmartStorage", "UpdateSmartStorage\UpdateSmartStorage.csproj", "{DB1FAD87-EC81-468B-8E26-07042EEF3462}"
EndProject
Project("{9A19103F-16F7-4668-BE54-9A1E7A4F7556}") = "AnalyzeMetadata", "AnalyzeMetadata\AnalyzeMetadata.csproj", "{0696986D-3B80-4A73-B75E-4314F83C3108}"
EndProject
Project("{9A19103F-16F7-4668-BE54-9A1E7A4F7556}") = "OrganizeFiles", "OrganizeFiles\OrganizeFiles.csproj", "{C2817923-B945-417E-9BA3-2A8B9266C6C6}"
EndProject
Project("{9A19103F-16F7-4668-BE54-9A1E7A4F7556}") = "AndroidSync", "AndroidSync\AndroidSync.csproj", "{48BD553E-6D98-4BA7-A948-6AB404A6A3EC}"
EndProject
Project("{9A19103F-16F7-4668-BE54-9A1E7A4F7556}") = "MetadataDBWork", "MetadataDBWork\MetadataDBWork.csproj", "{0A6BF9E5-AC58-44EC-9839-22458DE16B9C}"
EndProject
Project("{9A19103F-16F7-4668-BE54-9A1E7A4F7556}") = "MetadataCaching", "MetadataCaching\MetadataCaching.csproj", "{080DE646-A227-4A79-BAF1-9360CB4EC3C8}"
EndProject
Project("{9A19103F-16F7-4668-BE54-9A1E7A4F7556}") = "ArtworkScrubber", "ArtworkScrubber\ArtworkScrubber.csproj", "{81C8D8D6-2D1E-4FB2-B619-80083D601F20}"
EndProject
Project("{9A19103F-16F7-4668-BE54-9A1E7A4F7556}") = "SortDownloads", "SortDownloads\SortDownloads.csproj", "{25C3C38E-F518-4D39-A9FF-2501873B33E0}"
EndProject
Project("{9A19103F-16F7-4668-BE54-9A1E7A4F7556}") = "FixiTunesDupes", "FixiTunesDupes\FixiTunesDupes.csproj", "{883FCAA1-E5D9-45A2-B3B7-4D044112B236}"
EndProject
Project("{FAE04EC0-301F-11D3-BF4B-00C04F79EFBC}") = "MusicFileUtilities.Tests", "MusicFileUtilities.Tests\MusicFileUtilities.Tests.csproj", "{21C09F46-7A75-4CA1-B41B-27AB89FC9242}"
EndProject
Project("{FAE04EC0-301F-11D3-BF4B-00C04F79EFBC}") = "MusicLibrary.Core", "MusicLibrary.Core\MusicLibrary.Core.csproj", "{D538EB29-F738-4CBB-85EB-2E4254429AF5}"
EndProject
Project("{FAE04EC0-301F-11D3-BF4B-00C04F79EFBC}") = "MusicLibrary.App", "MusicLibrary.App\MusicLibrary.App.csproj", "{E808C746-87D6-4160-B823-C0012ABDC062}"
EndProject
Project("{FAE04EC0-301F-11D3-BF4B-00C04F79EFBC}") = "MusicLibrary.Core.Tests", "MusicLibrary.Core.Tests\MusicLibrary.Core.Tests.csproj", "{27DA1B9B-7ED0-435A-B23F-914CF7C46D78}"
EndProject
Project("{FAE04EC0-301F-11D3-BF4B-00C04F79EFBC}") = "DumpITL", "DumpITL\DumpITL.csproj", "{D404E007-B3A0-4D7A-8686-482E53D6ABDA}"
EndProject
Project("{FAE04EC0-301F-11D3-BF4B-00C04F79EFBC}") = "DumpITL.Tests", "DumpITL.Tests\DumpITL.Tests.csproj", "{B3AEE75D-D3E6-4AB0-A2A7-EA5A5AF2BE0D}"
EndProject
Project("{FAE04EC0-301F-11D3-BF4B-00C04F79EFBC}") = "IngestMusic", "IngestMusic\IngestMusic.csproj", "{CEE94555-554A-4D22-9343-49F8F4EA3412}"
EndProject
Project("{FAE04EC0-301F-11D3-BF4B-00C04F79EFBC}") = "ITLTools", "ITLTools\ITLTools.csproj", "{4AFF449B-F576-4733-B10B-DF8795D0F206}"
EndProject
Project("{FAE04EC0-301F-11D3-BF4B-00C04F79EFBC}") = "MusicLibraryManager.Presentation", "MusicLibraryManager.Presentation\MusicLibraryManager.Presentation.csproj", "{589CD957-0C64-4ED9-B3D0-926CA14C8B20}"
EndProject
Project("{FAE04EC0-301F-11D3-BF4B-00C04F79EFBC}") = "MusicLibraryManager", "MusicLibraryManager\MusicLibraryManager.csproj", "{97E535BD-4890-4884-BEC8-531C4D6E7822}"
EndProject
Project("{FAE04EC0-301F-11D3-BF4B-00C04F79EFBC}") = "MusicLibraryManager.Tests", "MusicLibraryManager.Tests\MusicLibraryManager.Tests.csproj", "{E1E74BAC-CA49-4F3A-B8D7-B7CC5E3A15EC}"
EndProject
Global
	GlobalSection(SolutionConfigurationPlatforms) = preSolution
		Debug|Any CPU = Debug|Any CPU
		Debug|x64 = Debug|x64
		Debug|x86 = Debug|x86
		Release|Any CPU = Release|Any CPU
		Release|x64 = Release|x64
		Release|x86 = Release|x86
	EndGlobalSection
	GlobalSection(ProjectConfigurationPlatforms) = postSolution
		{371A75BC-73F8-4222-A3B3-0B21497AFD0C}.Debug|Any CPU.ActiveCfg = Debug|Any CPU
		{371A75BC-73F8-4222-A3B3-0B21497AFD0C}.Debug|Any CPU.Build.0 = Debug|Any CPU
		{371A75BC-73F8-4222-A3B3-0B21497AFD0C}.Debug|x64.ActiveCfg = Debug|Any CPU
		{371A75BC-73F8-4222-A3B3-0B21497AFD0C}.Debug|x64.Build.0 = Debug|Any CPU
		{371A75BC-73F8-4222-A3B3-0B21497AFD0C}.Debug|x86.ActiveCfg = Debug|Any CPU
		{371A75BC-73F8-4222-A3B3-0B21497AFD0C}.Debug|x86.Build.0 = Debug|Any CPU
		{371A75BC-73F8-4222-A3B3-0B21497AFD0C}.Release|Any CPU.ActiveCfg = Release|Any CPU
		{371A75BC-73F8-4222-A3B3-0B21497AFD0C}.Release|Any CPU.Build.0 = Release|Any CPU
		{371A75BC-73F8-4222-A3B3-0B21497AFD0C}.Release|x64.ActiveCfg = Release|Any CPU
		{371A75BC-73F8-4222-A3B3-0B21497AFD0C}.Release|x64.Build.0 = Release|Any CPU
		{371A75BC-73F8-4222-A3B3-0B21497AFD0C}.Release|x86.ActiveCfg = Release|Any CPU
		{371A75BC-73F8-4222-A3B3-0B21497AFD0C}.Release|x86.Build.0 = Release|Any CPU
		{81875993-E724-4220-A656-4ED6D0677232}.Debug|Any CPU.ActiveCfg = Debug|Any CPU
		{81875993-E724-4220-A656-4ED6D0677232}.Debug|Any CPU.Build.0 = Debug|Any CPU
		{81875993-E724-4220-A656-4ED6D0677232}.Debug|x64.ActiveCfg = Debug|Any CPU
		{81875993-E724-4220-A656-4ED6D0677232}.Debug|x64.Build.0 = Debug|Any CPU
		{81875993-E724-4220-A656-4ED6D0677232}.Debug|x86.ActiveCfg = Debug|Any CPU
		{81875993-E724-4220-A656-4ED6D0677232}.Debug|x86.Build.0 = Debug|Any CPU
		{81875993-E724-4220-A656-4ED6D0677232}.Release|Any CPU.ActiveCfg = Release|Any CPU
		{81875993-E724-4220-A656-4ED6D0677232}.Release|Any CPU.Build.0 = Release|Any CPU
		{81875993-E724-4220-A656-4ED6D0677232}.Release|x64.ActiveCfg = Release|Any CPU
		{81875993-E724-4220-A656-4ED6D0677232}.Release|x64.Build.0 = Release|Any CPU
		{81875993-E724-4220-A656-4ED6D0677232}.Release|x86.ActiveCfg = Release|Any CPU
		{81875993-E724-4220-A656-4ED6D0677232}.Release|x86.Build.0 = Release|Any CPU
		{4F8D337D-C9B3-46AF-BD32-B989734A69D3}.Debug|Any CPU.ActiveCfg = Debug|Any CPU
		{4F8D337D-C9B3-46AF-BD32-B989734A69D3}.Debug|Any CPU.Build.0 = Debug|Any CPU
		{4F8D337D-C9B3-46AF-BD32-B989734A69D3}.Debug|x64.ActiveCfg = Debug|Any CPU
		{4F8D337D-C9B3-46AF-BD32-B989734A69D3}.Debug|x64.Build.0 = Debug|Any CPU
		{4F8D337D-C9B3-46AF-BD32-B989734A69D3}.Debug|x86.ActiveCfg = Debug|Any CPU
		{4F8D337D-C9B3-46AF-BD32-B989734A69D3}.Debug|x86.Build.0 = Debug|Any CPU
		{4F8D337D-C9B3-46AF-BD32-B989734A69D3}.Release|Any CPU.ActiveCfg = Release|Any CPU
		{4F8D337D-C9B3-46AF-BD32-B989734A69D3}.Release|Any CPU.Build.0 = Release|Any CPU
		{4F8D337D-C9B3-46AF-BD32-B989734A69D3}.Release|x64.ActiveCfg = Release|Any CPU
		{4F8D337D-C9B3-46AF-BD32-B989734A69D3}.Release|x64.Build.0 = Release|Any CPU
		{4F8D337D-C9B3-46AF-BD32-B989734A69D3}.Release|x86.ActiveCfg = Release|Any CPU
		{4F8D337D-C9B3-46AF-BD32-B989734A69D3}.Release|x86.Build.0 = Release|Any CPU
		{4CB5C007-93EC-4139-A5D3-212DDE1D5E6B}.Debug|Any CPU.ActiveCfg = Debug|Any CPU
		{4CB5C007-93EC-4139-A5D3-212DDE1D5E6B}.Debug|Any CPU.Build.0 = Debug|Any CPU
		{4CB5C007-93EC-4139-A5D3-212DDE1D5E6B}.Debug|x64.ActiveCfg = Debug|Any CPU
		{4CB5C007-93EC-4139-A5D3-212DDE1D5E6B}.Debug|x64.Build.0 = Debug|Any CPU
		{4CB5C007-93EC-4139-A5D3-212DDE1D5E6B}.Debug|x86.ActiveCfg = Debug|Any CPU
		{4CB5C007-93EC-4139-A5D3-212DDE1D5E6B}.Debug|x86.Build.0 = Debug|Any CPU
		{4CB5C007-93EC-4139-A5D3-212DDE1D5E6B}.Release|Any CPU.ActiveCfg = Release|Any CPU
		{4CB5C007-93EC-4139-A5D3-212DDE1D5E6B}.Release|Any CPU.Build.0 = Release|Any CPU
		{4CB5C007-93EC-4139-A5D3-212DDE1D5E6B}.Release|x64.ActiveCfg = Release|Any CPU
		{4CB5C007-93EC-4139-A5D3-212DDE1D5E6B}.Release|x64.Build.0 = Release|Any CPU
		{4CB5C007-93EC-4139-A5D3-212DDE1D5E6B}.Release|x86.ActiveCfg = Release|Any CPU
		{4CB5C007-93EC-4139-A5D3-212DDE1D5E6B}.Release|x86.Build.0 = Release|Any CPU
		{23022801-F234-4D9F-ADA7-9371DD981078}.Debug|Any CPU.ActiveCfg = Debug|Any CPU
		{23022801-F234-4D9F-ADA7-9371DD981078}.Debug|Any CPU.Build.0 = Debug|Any CPU
		{23022801-F234-4D9F-ADA7-9371DD981078}.Debug|x64.ActiveCfg = Debug|Any CPU
		{23022801-F234-4D9F-ADA7-9371DD981078}.Debug|x64.Build.0 = Debug|Any CPU
		{23022801-F234-4D9F-ADA7-9371DD981078}.Debug|x86.ActiveCfg = Debug|Any CPU
		{23022801-F234-4D9F-ADA7-9371DD981078}.Debug|x86.Build.0 = Debug|Any CPU
		{23022801-F234-4D9F-ADA7-9371DD981078}.Release|Any CPU.ActiveCfg = Release|Any CPU
		{23022801-F234-4D9F-ADA7-9371DD981078}.Release|Any CPU.Build.0 = Release|Any CPU
		{23022801-F234-4D9F-ADA7-9371DD981078}.Release|x64.ActiveCfg = Release|Any CPU
		{23022801-F234-4D9F-ADA7-9371DD981078}.Release|x64.Build.0 = Release|Any CPU
		{23022801-F234-4D9F-ADA7-9371DD981078}.Release|x86.ActiveCfg = Release|Any CPU
		{23022801-F234-4D9F-ADA7-9371DD981078}.Release|x86.Build.0 = Release|Any CPU
		{5925D37E-3FB2-4C14-8FE7-4DBE739C1228}.Debug|Any CPU.ActiveCfg = Debug|Any CPU
		{5925D37E-3FB2-4C14-8FE7-4DBE739C1228}.Debug|Any CPU.Build.0 = Debug|Any CPU
		{5925D37E-3FB2-4C14-8FE7-4DBE739C1228}.Debug|x64.ActiveCfg = Debug|Any CPU
		{5925D37E-3FB2-4C14-8FE7-4DBE739C1228}.Debug|x64.Build.0 = Debug|Any CPU
		{5925D37E-3FB2-4C14-8FE7-4DBE739C1228}.Debug|x86.ActiveCfg = Debug|Any CPU
		{5925D37E-3FB2-4C14-8FE7-4DBE739C1228}.Debug|x86.Build.0 = Debug|Any CPU
		{5925D37E-3FB2-4C14-8FE7-4DBE739C1228}.Release|Any CPU.ActiveCfg = Release|Any CPU
		{5925D37E-3FB2-4C14-8FE7-4DBE739C1228}.Release|Any CPU.Build.0 = Release|Any CPU
		{5925D37E-3FB2-4C14-8FE7-4DBE739C1228}.Release|x64.ActiveCfg = Release|Any CPU
		{5925D37E-3FB2-4C14-8FE7-4DBE739C1228}.Release|x64.Build.0 = Release|Any CPU
		{5925D37E-3FB2-4C14-8FE7-4DBE739C1228}.Release|x86.ActiveCfg = Release|Any CPU
		{5925D37E-3FB2-4C14-8FE7-4DBE739C1228}.Release|x86.Build.0 = Release|Any CPU
		{90B61F8F-4064-4E72-BA33-4634BD570F89}.Debug|Any CPU.ActiveCfg = Debug|Any CPU
		{90B61F8F-4064-4E72-BA33-4634BD570F89}.Debug|Any CPU.Build.0 = Debug|Any CPU
		{90B61F8F-4064-4E72-BA33-4634BD570F89}.Debug|x64.ActiveCfg = Debug|Any CPU
		{90B61F8F-4064-4E72-BA33-4634BD570F89}.Debug|x64.Build.0 = Debug|Any CPU
		{90B61F8F-4064-4E72-BA33-4634BD570F89}.Debug|x86.ActiveCfg = Debug|Any CPU
		{90B61F8F-4064-4E72-BA33-4634BD570F89}.Debug|x86.Build.0 = Debug|Any CPU
		{90B61F8F-4064-4E72-BA33-4634BD570F89}.Release|Any CPU.ActiveCfg = Release|Any CPU
		{90B61F8F-4064-4E72-BA33-4634BD570F89}.Release|Any CPU.Build.0 = Release|Any CPU
		{90B61F8F-4064-4E72-BA33-4634BD570F89}.Release|x64.ActiveCfg = Release|Any CPU
		{90B61F8F-4064-4E72-BA33-4634BD570F89}.Release|x64.Build.0 = Release|Any CPU
		{90B61F8F-4064-4E72-BA33-4634BD570F89}.Release|x86.ActiveCfg = Release|Any CPU
		{90B61F8F-4064-4E72-BA33-4634BD570F89}.Release|x86.Build.0 = Release|Any CPU
		{D0808E62-71DF-4F67-9449-C517CD5252AD}.Debug|Any CPU.ActiveCfg = Debug|Any CPU
		{D0808E62-71DF-4F67-9449-C517CD5252AD}.Debug|Any CPU.Build.0 = Debug|Any CPU
		{D0808E62-71DF-4F67-9449-C517CD5252AD}.Debug|x64.ActiveCfg = Debug|Any CPU
		{D0808E62-71DF-4F67-9449-C517CD5252AD}.Debug|x64.Build.0 = Debug|Any CPU
		{D0808E62-71DF-4F67-9449-C517CD5252AD}.Debug|x86.ActiveCfg = Debug|Any CPU
		{D0808E62-71DF-4F67-9449-C517CD5252AD}.Debug|x86.Build.0 = Debug|Any CPU
		{D0808E62-71DF-4F67-9449-C517CD5252AD}.Release|Any CPU.ActiveCfg = Release|Any CPU
		{D0808E62-71DF-4F67-9449-C517CD5252AD}.Release|Any CPU.Build.0 = Release|Any CPU
		{D0808E62-71DF-4F67-9449-C517CD5252AD}.Release|x64.ActiveCfg = Release|Any CPU
		{D0808E62-71DF-4F67-9449-C517CD5252AD}.Release|x64.Build.0 = Release|Any CPU
		{D0808E62-71DF-4F67-9449-C517CD5252AD}.Release|x86.ActiveCfg = Release|Any CPU
		{D0808E62-71DF-4F67-9449-C517CD5252AD}.Release|x86.Build.0 = Release|Any CPU
		{389AD567-AAE8-4711-8080-851A90A80D69}.Debug|Any CPU.ActiveCfg = Debug|Any CPU
		{389AD567-AAE8-4711-8080-851A90A80D69}.Debug|Any CPU.Build.0 = Debug|Any CPU
		{389AD567-AAE8-4711-8080-851A90A80D69}.Debug|x64.ActiveCfg = Debug|Any CPU
		{389AD567-AAE8-4711-8080-851A90A80D69}.Debug|x64.Build.0 = Debug|Any CPU
		{389AD567-AAE8-4711-8080-851A90A80D69}.Debug|x86.ActiveCfg = Debug|Any CPU
		{389AD567-AAE8-4711-8080-851A90A80D69}.Debug|x86.Build.0 = Debug|Any CPU
		{389AD567-AAE8-4711-8080-851A90A80D69}.Release|Any CPU.ActiveCfg = Release|Any CPU
		{389AD567-AAE8-4711-8080-851A90A80D69}.Release|Any CPU.Build.0 = Release|Any CPU
		{389AD567-AAE8-4711-8080-851A90A80D69}.Release|x64.ActiveCfg = Release|Any CPU
		{389AD567-AAE8-4711-8080-851A90A80D69}.Release|x64.Build.0 = Release|Any CPU
		{389AD567-AAE8-4711-8080-851A90A80D69}.Release|x86.ActiveCfg = Release|Any CPU
		{389AD567-AAE8-4711-8080-851A90A80D69}.Release|x86.Build.0 = Release|Any CPU
		{3C47DE67-9327-4375-ADBA-9D8F124EC90D}.Debug|Any CPU.ActiveCfg = Debug|Any CPU
		{3C47DE67-9327-4375-ADBA-9D8F124EC90D}.Debug|Any CPU.Build.0 = Debug|Any CPU
		{3C47DE67-9327-4375-ADBA-9D8F124EC90D}.Debug|x64.ActiveCfg = Debug|Any CPU
		{3C47DE67-9327-4375-ADBA-9D8F124EC90D}.Debug|x64.Build.0 = Debug|Any CPU
		{3C47DE67-9327-4375-ADBA-9D8F124EC90D}.Debug|x86.ActiveCfg = Debug|Any CPU
		{3C47DE67-9327-4375-ADBA-9D8F124EC90D}.Debug|x86.Build.0 = Debug|Any CPU
		{3C47DE67-9327-4375-ADBA-9D8F124EC90D}.Release|Any CPU.ActiveCfg = Release|Any CPU
		{3C47DE67-9327-4375-ADBA-9D8F124EC90D}.Release|Any CPU.Build.0 = Release|Any CPU
		{3C47DE67-9327-4375-ADBA-9D8F124EC90D}.Release|x64.ActiveCfg = Release|Any CPU
		{3C47DE67-9327-4375-ADBA-9D8F124EC90D}.Release|x64.Build.0 = Release|Any CPU
		{3C47DE67-9327-4375-ADBA-9D8F124EC90D}.Release|x86.ActiveCfg = Release|Any CPU
		{3C47DE67-9327-4375-ADBA-9D8F124EC90D}.Release|x86.Build.0 = Release|Any CPU
		{627659A7-F937-4520-AF7A-893288D6612F}.Debug|Any CPU.ActiveCfg = Debug|Any CPU
		{627659A7-F937-4520-AF7A-893288D6612F}.Debug|Any CPU.Build.0 = Debug|Any CPU
		{627659A7-F937-4520-AF7A-893288D6612F}.Debug|x64.ActiveCfg = Debug|Any CPU
		{627659A7-F937-4520-AF7A-893288D6612F}.Debug|x64.Build.0 = Debug|Any CPU
		{627659A7-F937-4520-AF7A-893288D6612F}.Debug|x86.ActiveCfg = Debug|Any CPU
		{627659A7-F937-4520-AF7A-893288D6612F}.Debug|x86.Build.0 = Debug|Any CPU
		{627659A7-F937-4520-AF7A-893288D6612F}.Release|Any CPU.ActiveCfg = Release|Any CPU
		{627659A7-F937-4520-AF7A-893288D6612F}.Release|Any CPU.Build.0 = Release|Any CPU
		{627659A7-F937-4520-AF7A-893288D6612F}.Release|x64.ActiveCfg = Release|Any CPU
		{627659A7-F937-4520-AF7A-893288D6612F}.Release|x64.Build.0 = Release|Any CPU
		{627659A7-F937-4520-AF7A-893288D6612F}.Release|x86.ActiveCfg = Release|Any CPU
		{627659A7-F937-4520-AF7A-893288D6612F}.Release|x86.Build.0 = Release|Any CPU
		{AAB5988F-BEE9-449B-A38F-85E165B26C05}.Debug|Any CPU.ActiveCfg = Debug|Any CPU
		{AAB5988F-BEE9-449B-A38F-85E165B26C05}.Debug|Any CPU.Build.0 = Debug|Any CPU
		{AAB5988F-BEE9-449B-A38F-85E165B26C05}.Debug|x64.ActiveCfg = Debug|Any CPU
		{AAB5988F-BEE9-449B-A38F-85E165B26C05}.Debug|x64.Build.0 = Debug|Any CPU
		{AAB5988F-BEE9-449B-A38F-85E165B26C05}.Debug|x86.ActiveCfg = Debug|Any CPU
		{AAB5988F-BEE9-449B-A38F-85E165B26C05}.Debug|x86.Build.0 = Debug|Any CPU
		{AAB5988F-BEE9-449B-A38F-85E165B26C05}.Release|Any CPU.ActiveCfg = Release|Any CPU
		{AAB5988F-BEE9-449B-A38F-85E165B26C05}.Release|Any CPU.Build.0 = Release|Any CPU
		{AAB5988F-BEE9-449B-A38F-85E165B26C05}.Release|x64.ActiveCfg = Release|Any CPU
		{AAB5988F-BEE9-449B-A38F-85E165B26C05}.Release|x64.Build.0 = Release|Any CPU
		{AAB5988F-BEE9-449B-A38F-85E165B26C05}.Release|x86.ActiveCfg = Release|Any CPU
		{AAB5988F-BEE9-449B-A38F-85E165B26C05}.Release|x86.Build.0 = Release|Any CPU
		{12FA782F-05D5-4BE7-8603-E553D835B456}.Debug|Any CPU.ActiveCfg = Debug|Any CPU
		{12FA782F-05D5-4BE7-8603-E553D835B456}.Debug|Any CPU.Build.0 = Debug|Any CPU
		{12FA782F-05D5-4BE7-8603-E553D835B456}.Debug|x64.ActiveCfg = Debug|Any CPU
		{12FA782F-05D5-4BE7-8603-E553D835B456}.Debug|x64.Build.0 = Debug|Any CPU
		{12FA782F-05D5-4BE7-8603-E553D835B456}.Debug|x86.ActiveCfg = Debug|Any CPU
		{12FA782F-05D5-4BE7-8603-E553D835B456}.Debug|x86.Build.0 = Debug|Any CPU
		{12FA782F-05D5-4BE7-8603-E553D835B456}.Release|Any CPU.ActiveCfg = Release|Any CPU
		{12FA782F-05D5-4BE7-8603-E553D835B456}.Release|Any CPU.Build.0 = Release|Any CPU
		{12FA782F-05D5-4BE7-8603-E553D835B456}.Release|x64.ActiveCfg = Release|Any CPU
		{12FA782F-05D5-4BE7-8603-E553D835B456}.Release|x64.Build.0 = Release|Any CPU
		{12FA782F-05D5-4BE7-8603-E553D835B456}.Release|x86.ActiveCfg = Release|Any CPU
		{12FA782F-05D5-4BE7-8603-E553D835B456}.Release|x86.Build.0 = Release|Any CPU
		{6925E0C2-FE74-453B-9FB8-FC8144B223A7}.Debug|Any CPU.ActiveCfg = Debug|Any CPU
		{6925E0C2-FE74-453B-9FB8-FC8144B223A7}.Debug|Any CPU.Build.0 = Debug|Any CPU
		{6925E0C2-FE74-453B-9FB8-FC8144B223A7}.Debug|x64.ActiveCfg = Debug|Any CPU
		{6925E0C2-FE74-453B-9FB8-FC8144B223A7}.Debug|x64.Build.0 = Debug|Any CPU
		{6925E0C2-FE74-453B-9FB8-FC8144B223A7}.Debug|x86.ActiveCfg = Debug|Any CPU
		{6925E0C2-FE74-453B-9FB8-FC8144B223A7}.Debug|x86.Build.0 = Debug|Any CPU
		{6925E0C2-FE74-453B-9FB8-FC8144B223A7}.Release|Any CPU.ActiveCfg = Release|Any CPU
		{6925E0C2-FE74-453B-9FB8-FC8144B223A7}.Release|Any CPU.Build.0 = Release|Any CPU
		{6925E0C2-FE74-453B-9FB8-FC8144B223A7}.Release|x64.ActiveCfg = Release|Any CPU
		{6925E0C2-FE74-453B-9FB8-FC8144B223A7}.Release|x64.Build.0 = Release|Any CPU
		{6925E0C2-FE74-453B-9FB8-FC8144B223A7}.Release|x86.ActiveCfg = Release|Any CPU
		{6925E0C2-FE74-453B-9FB8-FC8144B223A7}.Release|x86.Build.0 = Release|Any CPU
		{DB1FAD87-EC81-468B-8E26-07042EEF3462}.Debug|Any CPU.ActiveCfg = Debug|Any CPU
		{DB1FAD87-EC81-468B-8E26-07042EEF3462}.Debug|Any CPU.Build.0 = Debug|Any CPU
		{DB1FAD87-EC81-468B-8E26-07042EEF3462}.Debug|x64.ActiveCfg = Debug|Any CPU
		{DB1FAD87-EC81-468B-8E26-07042EEF3462}.Debug|x64.Build.0 = Debug|Any CPU
		{DB1FAD87-EC81-468B-8E26-07042EEF3462}.Debug|x86.ActiveCfg = Debug|Any CPU
		{DB1FAD87-EC81-468B-8E26-07042EEF3462}.Debug|x86.Build.0 = Debug|Any CPU
		{DB1FAD87-EC81-468B-8E26-07042EEF3462}.Release|Any CPU.ActiveCfg = Release|Any CPU
		{DB1FAD87-EC81-468B-8E26-07042EEF3462}.Release|Any CPU.Build.0 = Release|Any CPU
		{DB1FAD87-EC81-468B-8E26-07042EEF3462}.Release|x64.ActiveCfg = Release|Any CPU
		{DB1FAD87-EC81-468B-8E26-07042EEF3462}.Release|x64.Build.0 = Release|Any CPU
		{DB1FAD87-EC81-468B-8E26-07042EEF3462}.Release|x86.ActiveCfg = Release|Any CPU
		{DB1FAD87-EC81-468B-8E26-07042EEF3462}.Release|x86.Build.0 = Release|Any CPU
		{0696986D-3B80-4A73-B75E-4314F83C3108}.Debug|Any CPU.ActiveCfg = Debug|Any CPU
		{0696986D-3B80-4A73-B75E-4314F83C3108}.Debug|Any CPU.Build.0 = Debug|Any CPU
		{0696986D-3B80-4A73-B75E-4314F83C3108}.Debug|x64.ActiveCfg = Debug|Any CPU
		{0696986D-3B80-4A73-B75E-4314F83C3108}.Debug|x64.Build.0 = Debug|Any CPU
		{0696986D-3B80-4A73-B75E-4314F83C3108}.Debug|x86.ActiveCfg = Debug|Any CPU
		{0696986D-3B80-4A73-B75E-4314F83C3108}.Debug|x86.Build.0 = Debug|Any CPU
		{0696986D-3B80-4A73-B75E-4314F83C3108}.Release|Any CPU.ActiveCfg = Release|Any CPU
		{0696986D-3B80-4A73-B75E-4314F83C3108}.Release|Any CPU.Build.0 = Release|Any CPU
		{0696986D-3B80-4A73-B75E-4314F83C3108}.Release|x64.ActiveCfg = Release|Any CPU
		{0696986D-3B80-4A73-B75E-4314F83C3108}.Release|x64.Build.0 = Release|Any CPU
		{0696986D-3B80-4A73-B75E-4314F83C3108}.Release|x86.ActiveCfg = Release|Any CPU
		{0696986D-3B80-4A73-B75E-4314F83C3108}.Release|x86.Build.0 = Release|Any CPU
		{C2817923-B945-417E-9BA3-2A8B9266C6C6}.Debug|Any CPU.ActiveCfg = Debug|Any CPU
		{C2817923-B945-417E-9BA3-2A8B9266C6C6}.Debug|Any CPU.Build.0 = Debug|Any CPU
		{C2817923-B945-417E-9BA3-2A8B9266C6C6}.Debug|x64.ActiveCfg = Debug|Any CPU
		{C2817923-B945-417E-9BA3-2A8B9266C6C6}.Debug|x64.Build.0 = Debug|Any CPU
		{C2817923-B945-417E-9BA3-2A8B9266C6C6}.Debug|x86.ActiveCfg = Debug|Any CPU
		{C2817923-B945-417E-9BA3-2A8B9266C6C6}.Debug|x86.Build.0 = Debug|Any CPU
		{C2817923-B945-417E-9BA3-2A8B9266C6C6}.Release|Any CPU.ActiveCfg = Release|Any CPU
		{C2817923-B945-417E-9BA3-2A8B9266C6C6}.Release|Any CPU.Build.0 = Release|Any CPU
		{C2817923-B945-417E-9BA3-2A8B9266C6C6}.Release|x64.ActiveCfg = Release|Any CPU
		{C2817923-B945-417E-9BA3-2A8B9266C6C6}.Release|x64.Build.0 = Release|Any CPU
		{C2817923-B945-417E-9BA3-2A8B9266C6C6}.Release|x86.ActiveCfg = Release|Any CPU
		{C2817923-B945-417E-9BA3-2A8B9266C6C6}.Release|x86.Build.0 = Release|Any CPU
		{48BD553E-6D98-4BA7-A948-6AB404A6A3EC}.Debug|Any CPU.ActiveCfg = Debug|Any CPU
		{48BD553E-6D98-4BA7-A948-6AB404A6A3EC}.Debug|Any CPU.Build.0 = Debug|Any CPU
		{48BD553E-6D98-4BA7-A948-6AB404A6A3EC}.Debug|x64.ActiveCfg = Debug|Any CPU
		{48BD553E-6D98-4BA7-A948-6AB404A6A3EC}.Debug|x64.Build.0 = Debug|Any CPU
		{48BD553E-6D98-4BA7-A948-6AB404A6A3EC}.Debug|x86.ActiveCfg = Debug|Any CPU
		{48BD553E-6D98-4BA7-A948-6AB404A6A3EC}.Debug|x86.Build.0 = Debug|Any CPU
		{48BD553E-6D98-4BA7-A948-6AB404A6A3EC}.Release|Any CPU.ActiveCfg = Release|Any CPU
		{48BD553E-6D98-4BA7-A948-6AB404A6A3EC}.Release|Any CPU.Build.0 = Release|Any CPU
		{48BD553E-6D98-4BA7-A948-6AB404A6A3EC}.Release|x64.ActiveCfg = Release|Any CPU
		{48BD553E-6D98-4BA7-A948-6AB404A6A3EC}.Release|x64.Build.0 = Release|Any CPU
		{48BD553E-6D98-4BA7-A948-6AB404A6A3EC}.Release|x86.ActiveCfg = Release|Any CPU
		{48BD553E-6D98-4BA7-A948-6AB404A6A3EC}.Release|x86.Build.0 = Release|Any CPU
		{0A6BF9E5-AC58-44EC-9839-22458DE16B9C}.Debug|Any CPU.ActiveCfg = Debug|Any CPU
		{0A6BF9E5-AC58-44EC-9839-22458DE16B9C}.Debug|Any CPU.Build.0 = Debug|Any CPU
		{0A6BF9E5-AC58-44EC-9839-22458DE16B9C}.Debug|x64.ActiveCfg = Debug|Any CPU
		{0A6BF9E5-AC58-44EC-9839-22458DE16B9C}.Debug|x64.Build.0 = Debug|Any CPU
		{0A6BF9E5-AC58-44EC-9839-22458DE16B9C}.Debug|x86.ActiveCfg = Debug|Any CPU
		{0A6BF9E5-AC58-44EC-9839-22458DE16B9C}.Debug|x86.Build.0 = Debug|Any CPU
		{0A6BF9E5-AC58-44EC-9839-22458DE16B9C}.Release|Any CPU.ActiveCfg = Release|Any CPU
		{0A6BF9E5-AC58-44EC-9839-22458DE16B9C}.Release|Any CPU.Build.0 = Release|Any CPU
		{0A6BF9E5-AC58-44EC-9839-22458DE16B9C}.Release|x64.ActiveCfg = Release|Any CPU
		{0A6BF9E5-AC58-44EC-9839-22458DE16B9C}.Release|x64.Build.0 = Release|Any CPU
		{0A6BF9E5-AC58-44EC-9839-22458DE16B9C}.Release|x86.ActiveCfg = Release|Any CPU
		{0A6BF9E5-AC58-44EC-9839-22458DE16B9C}.Release|x86.Build.0 = Release|Any CPU
		{080DE646-A227-4A79-BAF1-9360CB4EC3C8}.Debug|Any CPU.ActiveCfg = Debug|Any CPU
		{080DE646-A227-4A79-BAF1-9360CB4EC3C8}.Debug|Any CPU.Build.0 = Debug|Any CPU
		{080DE646-A227-4A79-BAF1-9360CB4EC3C8}.Debug|x64.ActiveCfg = Debug|Any CPU
		{080DE646-A227-4A79-BAF1-9360CB4EC3C8}.Debug|x64.Build.0 = Debug|Any CPU
		{080DE646-A227-4A79-BAF1-9360CB4EC3C8}.Debug|x86.ActiveCfg = Debug|Any CPU
		{080DE646-A227-4A79-BAF1-9360CB4EC3C8}.Debug|x86.Build.0 = Debug|Any CPU
		{080DE646-A227-4A79-BAF1-9360CB4EC3C8}.Release|Any CPU.ActiveCfg = Release|Any CPU
		{080DE646-A227-4A79-BAF1-9360CB4EC3C8}.Release|Any CPU.Build.0 = Release|Any CPU
		{080DE646-A227-4A79-BAF1-9360CB4EC3C8}.Release|x64.ActiveCfg = Release|Any CPU
		{080DE646-A227-4A79-BAF1-9360CB4EC3C8}.Release|x64.Build.0 = Release|Any CPU
		{080DE646-A227-4A79-BAF1-9360CB4EC3C8}.Release|x86.ActiveCfg = Release|Any CPU
		{080DE646-A227-4A79-BAF1-9360CB4EC3C8}.Release|x86.Build.0 = Release|Any CPU
		{81C8D8D6-2D1E-4FB2-B619-80083D601F20}.Debug|Any CPU.ActiveCfg = Debug|Any CPU
		{81C8D8D6-2D1E-4FB2-B619-80083D601F20}.Debug|Any CPU.Build.0 = Debug|Any CPU
		{81C8D8D6-2D1E-4FB2-B619-80083D601F20}.Debug|x64.ActiveCfg = Debug|Any CPU
		{81C8D8D6-2D1E-4FB2-B619-80083D601F20}.Debug|x64.Build.0 = Debug|Any CPU
		{81C8D8D6-2D1E-4FB2-B619-80083D601F20}.Debug|x86.ActiveCfg = Debug|Any CPU
		{81C8D8D6-2D1E-4FB2-B619-80083D601F20}.Debug|x86.Build.0 = Debug|Any CPU
		{81C8D8D6-2D1E-4FB2-B619-80083D601F20}.Release|Any CPU.ActiveCfg = Release|Any CPU
		{81C8D8D6-2D1E-4FB2-B619-80083D601F20}.Release|Any CPU.Build.0 = Release|Any CPU
		{81C8D8D6-2D1E-4FB2-B619-80083D601F20}.Release|x64.ActiveCfg = Release|Any CPU
		{81C8D8D6-2D1E-4FB2-B619-80083D601F20}.Release|x64.Build.0 = Release|Any CPU
		{81C8D8D6-2D1E-4FB2-B619-80083D601F20}.Release|x86.ActiveCfg = Release|Any CPU
		{81C8D8D6-2D1E-4FB2-B619-80083D601F20}.Release|x86.Build.0 = Release|Any CPU
		{25C3C38E-F518-4D39-A9FF-2501873B33E0}.Debug|Any CPU.ActiveCfg = Debug|Any CPU
		{25C3C38E-F518-4D39-A9FF-2501873B33E0}.Debug|Any CPU.Build.0 = Debug|Any CPU
		{25C3C38E-F518-4D39-A9FF-2501873B33E0}.Debug|x64.ActiveCfg = Debug|Any CPU
		{25C3C38E-F518-4D39-A9FF-2501873B33E0}.Debug|x64.Build.0 = Debug|Any CPU
		{25C3C38E-F518-4D39-A9FF-2501873B33E0}.Debug|x86.ActiveCfg = Debug|Any CPU
		{25C3C38E-F518-4D39-A9FF-2501873B33E0}.Debug|x86.Build.0 = Debug|Any CPU
		{25C3C38E-F518-4D39-A9FF-2501873B33E0}.Release|Any CPU.ActiveCfg = Release|Any CPU
		{25C3C38E-F518-4D39-A9FF-2501873B33E0}.Release|Any CPU.Build.0 = Release|Any CPU
		{25C3C38E-F518-4D39-A9FF-2501873B33E0}.Release|x64.ActiveCfg = Release|Any CPU
		{25C3C38E-F518-4D39-A9FF-2501873B33E0}.Release|x64.Build.0 = Release|Any CPU
		{25C3C38E-F518-4D39-A9FF-2501873B33E0}.Release|x86.ActiveCfg = Release|Any CPU
		{25C3C38E-F518-4D39-A9FF-2501873B33E0}.Release|x86.Build.0 = Release|Any CPU
		{883FCAA1-E5D9-45A2-B3B7-4D044112B236}.Debug|Any CPU.ActiveCfg = Debug|Any CPU
		{883FCAA1-E5D9-45A2-B3B7-4D044112B236}.Debug|Any CPU.Build.0 = Debug|Any CPU
		{883FCAA1-E5D9-45A2-B3B7-4D044112B236}.Debug|x64.ActiveCfg = Debug|Any CPU
		{883FCAA1-E5D9-45A2-B3B7-4D044112B236}.Debug|x64.Build.0 = Debug|Any CPU
		{883FCAA1-E5D9-45A2-B3B7-4D044112B236}.Debug|x86.ActiveCfg = Debug|Any CPU
		{883FCAA1-E5D9-45A2-B3B7-4D044112B236}.Debug|x86.Build.0 = Debug|Any CPU
		{883FCAA1-E5D9-45A2-B3B7-4D044112B236}.Release|Any CPU.ActiveCfg = Release|Any CPU
		{883FCAA1-E5D9-45A2-B3B7-4D044112B236}.Release|Any CPU.Build.0 = Release|Any CPU
		{883FCAA1-E5D9-45A2-B3B7-4D044112B236}.Release|x64.ActiveCfg = Release|Any CPU
		{883FCAA1-E5D9-45A2-B3B7-4D044112B236}.Release|x64.Build.0 = Release|Any CPU
		{883FCAA1-E5D9-45A2-B3B7-4D044112B236}.Release|x86.ActiveCfg = Release|Any CPU
		{883FCAA1-E5D9-45A2-B3B7-4D044112B236}.Release|x86.Build.0 = Release|Any CPU
		{21C09F46-7A75-4CA1-B41B-27AB89FC9242}.Debug|Any CPU.ActiveCfg = Debug|Any CPU
		{21C09F46-7A75-4CA1-B41B-27AB89FC9242}.Debug|Any CPU.Build.0 = Debug|Any CPU
		{21C09F46-7A75-4CA1-B41B-27AB89FC9242}.Debug|x64.ActiveCfg = Debug|Any CPU
		{21C09F46-7A75-4CA1-B41B-27AB89FC9242}.Debug|x64.Build.0 = Debug|Any CPU
		{21C09F46-7A75-4CA1-B41B-27AB89FC9242}.Debug|x86.ActiveCfg = Debug|Any CPU
		{21C09F46-7A75-4CA1-B41B-27AB89FC9242}.Debug|x86.Build.0 = Debug|Any CPU
		{21C09F46-7A75-4CA1-B41B-27AB89FC9242}.Release|Any CPU.ActiveCfg = Release|Any CPU
		{21C09F46-7A75-4CA1-B41B-27AB89FC9242}.Release|Any CPU.Build.0 = Release|Any CPU
		{21C09F46-7A75-4CA1-B41B-27AB89FC9242}.Release|x64.ActiveCfg = Release|Any CPU
		{21C09F46-7A75-4CA1-B41B-27AB89FC9242}.Release|x64.Build.0 = Release|Any CPU
		{21C09F46-7A75-4CA1-B41B-27AB89FC9242}.Release|x86.ActiveCfg = Release|Any CPU
		{21C09F46-7A75-4CA1-B41B-27AB89FC9242}.Release|x86.Build.0 = Release|Any CPU
		{D538EB29-F738-4CBB-85EB-2E4254429AF5}.Debug|Any CPU.ActiveCfg = Debug|Any CPU
		{D538EB29-F738-4CBB-85EB-2E4254429AF5}.Debug|Any CPU.Build.0 = Debug|Any CPU
		{D538EB29-F738-4CBB-85EB-2E4254429AF5}.Debug|x64.ActiveCfg = Debug|Any CPU
		{D538EB29-F738-4CBB-85EB-2E4254429AF5}.Debug|x64.Build.0 = Debug|Any CPU
		{D538EB29-F738-4CBB-85EB-2E4254429AF5}.Debug|x86.ActiveCfg = Debug|Any CPU
		{D538EB29-F738-4CBB-85EB-2E4254429AF5}.Debug|x86.Build.0 = Debug|Any CPU
		{D538EB29-F738-4CBB-85EB-2E4254429AF5}.Release|Any CPU.ActiveCfg = Release|Any CPU
		{D538EB29-F738-4CBB-85EB-2E4254429AF5}.Release|Any CPU.Build.0 = Release|Any CPU
		{D538EB29-F738-4CBB-85EB-2E4254429AF5}.Release|x64.ActiveCfg = Release|Any CPU
		{D538EB29-F738-4CBB-85EB-2E4254429AF5}.Release|x64.Build.0 = Release|Any CPU
		{D538EB29-F738-4CBB-85EB-2E4254429AF5}.Release|x86.ActiveCfg = Release|Any CPU
		{D538EB29-F738-4CBB-85EB-2E4254429AF5}.Release|x86.Build.0 = Release|Any CPU
		{E808C746-87D6-4160-B823-C0012ABDC062}.Debug|Any CPU.ActiveCfg = Debug|Any CPU
		{E808C746-87D6-4160-B823-C0012ABDC062}.Debug|Any CPU.Build.0 = Debug|Any CPU
		{E808C746-87D6-4160-B823-C0012ABDC062}.Debug|x64.ActiveCfg = Debug|Any CPU
		{E808C746-87D6-4160-B823-C0012ABDC062}.Debug|x64.Build.0 = Debug|Any CPU
		{E808C746-87D6-4160-B823-C0012ABDC062}.Debug|x86.ActiveCfg = Debug|Any CPU
		{E808C746-87D6-4160-B823-C0012ABDC062}.Debug|x86.Build.0 = Debug|Any CPU
		{E808C746-87D6-4160-B823-C0012ABDC062}.Release|Any CPU.ActiveCfg = Release|Any CPU
		{E808C746-87D6-4160-B823-C0012ABDC062}.Release|Any CPU.Build.0 = Release|Any CPU
		{E808C746-87D6-4160-B823-C0012ABDC062}.Release|x64.ActiveCfg = Release|Any CPU
		{E808C746-87D6-4160-B823-C0012ABDC062}.Release|x64.Build.0 = Release|Any CPU
		{E808C746-87D6-4160-B823-C0012ABDC062}.Release|x86.ActiveCfg = Release|Any CPU
		{E808C746-87D6-4160-B823-C0012ABDC062}.Release|x86.Build.0 = Release|Any CPU
		{27DA1B9B-7ED0-435A-B23F-914CF7C46D78}.Debug|Any CPU.ActiveCfg = Debug|Any CPU
		{27DA1B9B-7ED0-435A-B23F-914CF7C46D78}.Debug|Any CPU.Build.0 = Debug|Any CPU
		{27DA1B9B-7ED0-435A-B23F-914CF7C46D78}.Debug|x64.ActiveCfg = Debug|Any CPU
		{27DA1B9B-7ED0-435A-B23F-914CF7C46D78}.Debug|x64.Build.0 = Debug|Any CPU
		{27DA1B9B-7ED0-435A-B23F-914CF7C46D78}.Debug|x86.ActiveCfg = Debug|Any CPU
		{27DA1B9B-7ED0-435A-B23F-914CF7C46D78}.Debug|x86.Build.0 = Debug|Any CPU
		{27DA1B9B-7ED0-435A-B23F-914CF7C46D78}.Release|Any CPU.ActiveCfg = Release|Any CPU
		{27DA1B9B-7ED0-435A-B23F-914CF7C46D78}.Release|Any CPU.Build.0 = Release|Any CPU
		{27DA1B9B-7ED0-435A-B23F-914CF7C46D78}.Release|x64.ActiveCfg = Release|Any CPU
		{27DA1B9B-7ED0-435A-B23F-914CF7C46D78}.Release|x64.Build.0 = Release|Any CPU
		{27DA1B9B-7ED0-435A-B23F-914CF7C46D78}.Release|x86.ActiveCfg = Release|Any CPU
		{27DA1B9B-7ED0-435A-B23F-914CF7C46D78}.Release|x86.Build.0 = Release|Any CPU
		{D404E007-B3A0-4D7A-8686-482E53D6ABDA}.Debug|Any CPU.ActiveCfg = Debug|Any CPU
		{D404E007-B3A0-4D7A-8686-482E53D6ABDA}.Debug|Any CPU.Build.0 = Debug|Any CPU
		{D404E007-B3A0-4D7A-8686-482E53D6ABDA}.Debug|x64.ActiveCfg = Debug|Any CPU
		{D404E007-B3A0-4D7A-8686-482E53D6ABDA}.Debug|x64.Build.0 = Debug|Any CPU
		{D404E007-B3A0-4D7A-8686-482E53D6ABDA}.Debug|x86.ActiveCfg = Debug|Any CPU
		{D404E007-B3A0-4D7A-8686-482E53D6ABDA}.Debug|x86.Build.0 = Debug|Any CPU
		{D404E007-B3A0-4D7A-8686-482E53D6ABDA}.Release|Any CPU.ActiveCfg = Release|Any CPU
		{D404E007-B3A0-4D7A-8686-482E53D6ABDA}.Release|Any CPU.Build.0 = Release|Any CPU
		{D404E007-B3A0-4D7A-8686-482E53D6ABDA}.Release|x64.ActiveCfg = Release|Any CPU
		{D404E007-B3A0-4D7A-8686-482E53D6ABDA}.Release|x64.Build.0 = Release|Any CPU
		{D404E007-B3A0-4D7A-8686-482E53D6ABDA}.Release|x86.ActiveCfg = Release|Any CPU
		{D404E007-B3A0-4D7A-8686-482E53D6ABDA}.Release|x86.Build.0 = Release|Any CPU
		{B3AEE75D-D3E6-4AB0-A2A7-EA5A5AF2BE0D}.Debug|Any CPU.ActiveCfg = Debug|Any CPU
		{B3AEE75D-D3E6-4AB0-A2A7-EA5A5AF2BE0D}.Debug|Any CPU.Build.0 = Debug|Any CPU
		{B3AEE75D-D3E6-4AB0-A2A7-EA5A5AF2BE0D}.Debug|x64.ActiveCfg = Debug|Any CPU
		{B3AEE75D-D3E6-4AB0-A2A7-EA5A5AF2BE0D}.Debug|x64.Build.0 = Debug|Any CPU
		{B3AEE75D-D3E6-4AB0-A2A7-EA5A5AF2BE0D}.Debug|x86.ActiveCfg = Debug|Any CPU
		{B3AEE75D-D3E6-4AB0-A2A7-EA5A5AF2BE0D}.Debug|x86.Build.0 = Debug|Any CPU
		{B3AEE75D-D3E6-4AB0-A2A7-EA5A5AF2BE0D}.Release|Any CPU.ActiveCfg = Release|Any CPU
		{B3AEE75D-D3E6-4AB0-A2A7-EA5A5AF2BE0D}.Release|Any CPU.Build.0 = Release|Any CPU
		{B3AEE75D-D3E6-4AB0-A2A7-EA5A5AF2BE0D}.Release|x64.ActiveCfg = Release|Any CPU
		{B3AEE75D-D3E6-4AB0-A2A7-EA5A5AF2BE0D}.Release|x64.Build.0 = Release|Any CPU
		{B3AEE75D-D3E6-4AB0-A2A7-EA5A5AF2BE0D}.Release|x86.ActiveCfg = Release|Any CPU
		{B3AEE75D-D3E6-4AB0-A2A7-EA5A5AF2BE0D}.Release|x86.Build.0 = Release|Any CPU
		{CEE94555-554A-4D22-9343-49F8F4EA3412}.Debug|Any CPU.ActiveCfg = Debug|Any CPU
		{CEE94555-554A-4D22-9343-49F8F4EA3412}.Debug|Any CPU.Build.0 = Debug|Any CPU
		{CEE94555-554A-4D22-9343-49F8F4EA3412}.Debug|x64.ActiveCfg = Debug|Any CPU
		{CEE94555-554A-4D22-9343-49F8F4EA3412}.Debug|x64.Build.0 = Debug|Any CPU
		{CEE94555-554A-4D22-9343-49F8F4EA3412}.Debug|x86.ActiveCfg = Debug|Any CPU
		{CEE94555-554A-4D22-9343-49F8F4EA3412}.Debug|x86.Build.0 = Debug|Any CPU
		{CEE94555-554A-4D22-9343-49F8F4EA3412}.Release|Any CPU.ActiveCfg = Release|Any CPU
		{CEE94555-554A-4D22-9343-49F8F4EA3412}.Release|Any CPU.Build.0 = Release|Any CPU
		{CEE94555-554A-4D22-9343-49F8F4EA3412}.Release|x64.ActiveCfg = Release|Any CPU
		{CEE94555-554A-4D22-9343-49F8F4EA3412}.Release|x64.Build.0 = Release|Any CPU
		{CEE94555-554A-4D22-9343-49F8F4EA3412}.Release|x86.ActiveCfg = Release|Any CPU
		{CEE94555-554A-4D22-9343-49F8F4EA3412}.Release|x86.Build.0 = Release|Any CPU
		{4AFF449B-F576-4733-B10B-DF8795D0F206}.Debug|Any CPU.ActiveCfg = Debug|Any CPU
		{4AFF449B-F576-4733-B10B-DF8795D0F206}.Debug|Any CPU.Build.0 = Debug|Any CPU
		{4AFF449B-F576-4733-B10B-DF8795D0F206}.Debug|x64.ActiveCfg = Debug|Any CPU
		{4AFF449B-F576-4733-B10B-DF8795D0F206}.Debug|x64.Build.0 = Debug|Any CPU
		{4AFF449B-F576-4733-B10B-DF8795D0F206}.Debug|x86.ActiveCfg = Debug|Any CPU
		{4AFF449B-F576-4733-B10B-DF8795D0F206}.Debug|x86.Build.0 = Debug|Any CPU
		{4AFF449B-F576-4733-B10B-DF8795D0F206}.Release|Any CPU.ActiveCfg = Release|Any CPU
		{4AFF449B-F576-4733-B10B-DF8795D0F206}.Release|Any CPU.Build.0 = Release|Any CPU
		{4AFF449B-F576-4733-B10B-DF8795D0F206}.Release|x64.ActiveCfg = Release|Any CPU
		{4AFF449B-F576-4733-B10B-DF8795D0F206}.Release|x64.Build.0 = Release|Any CPU
		{4AFF449B-F576-4733-B10B-DF8795D0F206}.Release|x86.ActiveCfg = Release|Any CPU
		{4AFF449B-F576-4733-B10B-DF8795D0F206}.Release|x86.Build.0 = Release|Any CPU
		{589CD957-0C64-4ED9-B3D0-926CA14C8B20}.Debug|Any CPU.ActiveCfg = Debug|Any CPU
		{589CD957-0C64-4ED9-B3D0-926CA14C8B20}.Debug|Any CPU.Build.0 = Debug|Any CPU
		{589CD957-0C64-4ED9-B3D0-926CA14C8B20}.Debug|x64.ActiveCfg = Debug|Any CPU
		{589CD957-0C64-4ED9-B3D0-926CA14C8B20}.Debug|x64.Build.0 = Debug|Any CPU
		{589CD957-0C64-4ED9-B3D0-926CA14C8B20}.Debug|x86.ActiveCfg = Debug|Any CPU
		{589CD957-0C64-4ED9-B3D0-926CA14C8B20}.Debug|x86.Build.0 = Debug|Any CPU
		{589CD957-0C64-4ED9-B3D0-926CA14C8B20}.Release|Any CPU.ActiveCfg = Release|Any CPU
		{589CD957-0C64-4ED9-B3D0-926CA14C8B20}.Release|Any CPU.Build.0 = Release|Any CPU
		{589CD957-0C64-4ED9-B3D0-926CA14C8B20}.Release|x64.ActiveCfg = Release|Any CPU
		{589CD957-0C64-4ED9-B3D0-926CA14C8B20}.Release|x64.Build.0 = Release|Any CPU
		{589CD957-0C64-4ED9-B3D0-926CA14C8B20}.Release|x86.ActiveCfg = Release|Any CPU
		{589CD957-0C64-4ED9-B3D0-926CA14C8B20}.Release|x86.Build.0 = Release|Any CPU
		{97E535BD-4890-4884-BEC8-531C4D6E7822}.Debug|Any CPU.ActiveCfg = Debug|x64
		{97E535BD-4890-4884-BEC8-531C4D6E7822}.Debug|Any CPU.Build.0 = Debug|x64
		{97E535BD-4890-4884-BEC8-531C4D6E7822}.Debug|x64.ActiveCfg = Debug|x64
		{97E535BD-4890-4884-BEC8-531C4D6E7822}.Debug|x64.Build.0 = Debug|x64
		{97E535BD-4890-4884-BEC8-531C4D6E7822}.Debug|x86.ActiveCfg = Debug|x64
		{97E535BD-4890-4884-BEC8-531C4D6E7822}.Debug|x86.Build.0 = Debug|x64
		{97E535BD-4890-4884-BEC8-531C4D6E7822}.Release|Any CPU.ActiveCfg = Release|x64
		{97E535BD-4890-4884-BEC8-531C4D6E7822}.Release|Any CPU.Build.0 = Release|x64
		{97E535BD-4890-4884-BEC8-531C4D6E7822}.Release|x64.ActiveCfg = Release|x64
		{97E535BD-4890-4884-BEC8-531C4D6E7822}.Release|x64.Build.0 = Release|x64
		{97E535BD-4890-4884-BEC8-531C4D6E7822}.Release|x86.ActiveCfg = Release|x64
		{97E535BD-4890-4884-BEC8-531C4D6E7822}.Release|x86.Build.0 = Release|x64
		{E1E74BAC-CA49-4F3A-B8D7-B7CC5E3A15EC}.Debug|Any CPU.ActiveCfg = Debug|Any CPU
		{E1E74BAC-CA49-4F3A-B8D7-B7CC5E3A15EC}.Debug|Any CPU.Build.0 = Debug|Any CPU
		{E1E74BAC-CA49-4F3A-B8D7-B7CC5E3A15EC}.Debug|x64.ActiveCfg = Debug|Any CPU
		{E1E74BAC-CA49-4F3A-B8D7-B7CC5E3A15EC}.Debug|x64.Build.0 = Debug|Any CPU
		{E1E74BAC-CA49-4F3A-B8D7-B7CC5E3A15EC}.Debug|x86.ActiveCfg = Debug|Any CPU
		{E1E74BAC-CA49-4F3A-B8D7-B7CC5E3A15EC}.Debug|x86.Build.0 = Debug|Any CPU
		{E1E74BAC-CA49-4F3A-B8D7-B7CC5E3A15EC}.Release|Any CPU.ActiveCfg = Release|Any CPU
		{E1E74BAC-CA49-4F3A-B8D7-B7CC5E3A15EC}.Release|Any CPU.Build.0 = Release|Any CPU
		{E1E74BAC-CA49-4F3A-B8D7-B7CC5E3A15EC}.Release|x64.ActiveCfg = Release|Any CPU
		{E1E74BAC-CA49-4F3A-B8D7-B7CC5E3A15EC}.Release|x64.Build.0 = Release|Any CPU
		{E1E74BAC-CA49-4F3A-B8D7-B7CC5E3A15EC}.Release|x86.ActiveCfg = Release|Any CPU
		{E1E74BAC-CA49-4F3A-B8D7-B7CC5E3A15EC}.Release|x86.Build.0 = Release|Any CPU
	EndGlobalSection
	GlobalSection(SolutionProperties) = preSolution
		HideSolutionNode = FALSE
	EndGlobalSection
	GlobalSection(ExtensibilityGlobals) = postSolution
		SolutionGuid = {88C60F2B-1E80-4D1A-884E-24DD8E7BCC38}
	EndGlobalSection
EndGlobal
